
Microsoft Visual Studio Solution File, Format Version 12.00
# Visual Studio Version 16
VisualStudioVersion = 16.0.30523.141
MinimumVisualStudioVersion = 10.0.40219.1
Project("{FAE04EC0-301F-11D3-BF4B-00C04F79EFBC}") = "ChromecastDownloader", "ChromecastDownloader\ChromecastDownloader.csproj", "{07D67668-913A-4752-90A7-8B6541E62AA5}"
EndProject
Project("{9A19103F-16F7-4668-BE54-9A1E7A4F7556}") = "TestChromecastDownloader", "TestChromecastDownloader\TestChromecastDownloader.csproj", "{C74A568A-C90F-43EC-9357-E858A835736C}"
EndProject
Global
	GlobalSection(SolutionConfigurationPlatforms) = preSolution
		Debug|Any CPU = Debug|Any CPU
		Release|Any CPU = Release|Any CPU
	EndGlobalSection
	GlobalSection(ProjectConfigurationPlatforms) = postSolution
		{07D67668-913A-4752-90A7-8B6541E62AA5}.Debug|Any CPU.ActiveCfg = Debug|Any CPU
		{07D67668-913A-4752-90A7-8B6541E62AA5}.Debug|Any CPU.Build.0 = Debug|Any CPU
		{07D67668-913A-4752-90A7-8B6541E62AA5}.Release|Any CPU.ActiveCfg = Release|Any CPU
		{07D67668-913A-4752-90A7-8B6541E62AA5}.Release|Any CPU.Build.0 = Release|Any CPU
		{C74A568A-C90F-43EC-9357-E858A835736C}.Debug|Any CPU.ActiveCfg = Debug|Any CPU
		{C74A568A-C90F-43EC-9357-E858A835736C}.Debug|Any CPU.Build.0 = Debug|Any CPU
		{C74A568A-C90F-43EC-9357-E858A835736C}.Release|Any CPU.ActiveCfg = Release|Any CPU
		{C74A568A-C90F-43EC-9357-E858A835736C}.Release|Any CPU.Build.0 = Release|Any CPU
	EndGlobalSection
	GlobalSection(SolutionProperties) = preSolution
		HideSolutionNode = FALSE
	EndGlobalSection
	GlobalSection(ExtensibilityGlobals) = postSolution
		SolutionGuid = {1656DAAF-C5F2-49EC-A4ED-E93AFF1EFA9C}
	EndGlobalSection
EndGlobal
